
Microsoft Visual Studio Solution File, Format Version 12.00
# Visual Studio Version 17
VisualStudioVersion = 17.5.33530.505
MinimumVisualStudioVersion = 10.0.40219.1
Project("{FAE04EC0-301F-11D3-BF4B-00C04F79EFBC}") = "MvcMovie", "MvcMovie\MvcMovie.csproj", "{75D2ACF3-69E4-452E-9FC0-285D11011B87}"
EndProject
Global
	GlobalSection(SolutionConfigurationPlatforms) = preSolution
		Debug|Any CPU = Debug|Any CPU
		Release|Any CPU = Release|Any CPU
	EndGlobalSection
	GlobalSection(ProjectConfigurationPlatforms) = postSolution
		{75D2ACF3-69E4-452E-9FC0-285D11011B87}.Debug|Any CPU.ActiveCfg = Debug|Any CPU
		{75D2ACF3-69E4-452E-9FC0-285D11011B87}.Debug|Any CPU.Build.0 = Debug|Any CPU
		{75D2ACF3-69E4-452E-9FC0-285D11011B87}.Release|Any CPU.ActiveCfg = Release|Any CPU
		{75D2ACF3-69E4-452E-9FC0-285D11011B87}.Release|Any CPU.Build.0 = Release|Any CPU
	EndGlobalSection
	GlobalSection(SolutionProperties) = preSolution
		HideSolutionNode = FALSE
	EndGlobalSection
	GlobalSection(ExtensibilityGlobals) = postSolution
		SolutionGuid = {1A40FAF1-FD76-402E-A19A-A5D3679ACA2E}
	EndGlobalSection
EndGlobal
